// !$*UTF8*$!
{
	archiveVersion = 1;
	classes = {
	};
	objectVersion = 46;
	objects = {

/* Begin PBXBuildFile section */
		79F7FD1819284A0F002A3DEA /* Foundation.framework in Frameworks */ = {isa = PBXBuildFile; fileRef = 79F7FD1719284A0F002A3DEA /* Foundation.framework */; };
		79F7FD1A19284A0F002A3DEA /* CoreGraphics.framework in Frameworks */ = {isa = PBXBuildFile; fileRef = 79F7FD1919284A0F002A3DEA /* CoreGraphics.framework */; };
		79F7FD1C19284A0F002A3DEA /* UIKit.framework in Frameworks */ = {isa = PBXBuildFile; fileRef = 79F7FD1B19284A0F002A3DEA /* UIKit.framework */; };
		79F7FD2219284A0F002A3DEA /* InfoPlist.strings in Resources */ = {isa = PBXBuildFile; fileRef = 79F7FD2019284A0F002A3DEA /* InfoPlist.strings */; };
		79F7FD2419284A0F002A3DEA /* main.m in Sources */ = {isa = PBXBuildFile; fileRef = 79F7FD2319284A0F002A3DEA /* main.m */; };
		79F7FD2819284A0F002A3DEA /* AppDelegate.m in Sources */ = {isa = PBXBuildFile; fileRef = 79F7FD2719284A0F002A3DEA /* AppDelegate.m */; };
		79F7FD2B19284A0F002A3DEA /* Main.storyboard in Resources */ = {isa = PBXBuildFile; fileRef = 79F7FD2919284A0F002A3DEA /* Main.storyboard */; };
		79F7FD2E19284A0F002A3DEA /* ViewController.m in Sources */ = {isa = PBXBuildFile; fileRef = 79F7FD2D19284A0F002A3DEA /* ViewController.m */; };
		79F7FD3019284A0F002A3DEA /* Images.xcassets in Resources */ = {isa = PBXBuildFile; fileRef = 79F7FD2F19284A0F002A3DEA /* Images.xcassets */; };
		79F7FD3719284A0F002A3DEA /* XCTest.framework in Frameworks */ = {isa = PBXBuildFile; fileRef = 79F7FD3619284A0F002A3DEA /* XCTest.framework */; };
		79F7FD3819284A0F002A3DEA /* Foundation.framework in Frameworks */ = {isa = PBXBuildFile; fileRef = 79F7FD1719284A0F002A3DEA /* Foundation.framework */; };
		79F7FD3919284A0F002A3DEA /* UIKit.framework in Frameworks */ = {isa = PBXBuildFile; fileRef = 79F7FD1B19284A0F002A3DEA /* UIKit.framework */; };
		79F7FD4119284A0F002A3DEA /* InfoPlist.strings in Resources */ = {isa = PBXBuildFile; fileRef = 79F7FD3F19284A0F002A3DEA /* InfoPlist.strings */; };
		79F7FD4319284A0F002A3DEA /* RadioIndiaTests.m in Sources */ = {isa = PBXBuildFile; fileRef = 79F7FD4219284A0F002A3DEA /* RadioIndiaTests.m */; };
/* End PBXBuildFile section */

/* Begin PBXContainerItemProxy section */
		79F7FD3A19284A0F002A3DEA /* PBXContainerItemProxy */ = {
			isa = PBXContainerItemProxy;
			containerPortal = 79F7FD0C19284A0F002A3DEA /* Project object */;
			proxyType = 1;
			remoteGlobalIDString = 79F7FD1319284A0F002A3DEA;
			remoteInfo = RadioIndia;
		};
/* End PBXContainerItemProxy section */

/* Begin PBXFileReference section */
		79F7FD1419284A0F002A3DEA /* RadioIndia.app */ = {isa = PBXFileReference; explicitFileType = wrapper.application; includeInIndex = 0; path = RadioIndia.app; sourceTree = BUILT_PRODUCTS_DIR; };
		79F7FD1719284A0F002A3DEA /* Foundation.framework */ = {isa = PBXFileReference; lastKnownFileType = wrapper.framework; name = Foundation.framework; path = System/Library/Frameworks/Foundation.framework; sourceTree = SDKROOT; };
		79F7FD1919284A0F002A3DEA /* CoreGraphics.framework */ = {isa = PBXFileReference; lastKnownFileType = wrapper.framework; name = CoreGraphics.framework; path = System/Library/Frameworks/CoreGraphics.framework; sourceTree = SDKROOT; };
		79F7FD1B19284A0F002A3DEA /* UIKit.framework */ = {isa = PBXFileReference; lastKnownFileType = wrapper.framework; name = UIKit.framework; path = System/Library/Frameworks/UIKit.framework; sourceTree = SDKROOT; };
		79F7FD1F19284A0F002A3DEA /* RadioIndia-Info.plist */ = {isa = PBXFileReference; lastKnownFileType = text.plist.xml; path = "RadioIndia-Info.plist"; sourceTree = "<group>"; };
		79F7FD2119284A0F002A3DEA /* en */ = {isa = PBXFileReference; lastKnownFileType = text.plist.strings; name = en; path = en.lproj/InfoPlist.strings; sourceTree = "<group>"; };
		79F7FD2319284A0F002A3DEA /* main.m */ = {isa = PBXFileReference; lastKnownFileType = sourcecode.c.objc; path = main.m; sourceTree = "<group>"; };
		79F7FD2519284A0F002A3DEA /* RadioIndia-Prefix.pch */ = {isa = PBXFileReference; lastKnownFileType = sourcecode.c.h; path = "RadioIndia-Prefix.pch"; sourceTree = "<group>"; };
		79F7FD2619284A0F002A3DEA /* AppDelegate.h */ = {isa = PBXFileReference; lastKnownFileType = sourcecode.c.h; path = AppDelegate.h; sourceTree = "<group>"; };
		79F7FD2719284A0F002A3DEA /* AppDelegate.m */ = {isa = PBXFileReference; lastKnownFileType = sourcecode.c.objc; path = AppDelegate.m; sourceTree = "<group>"; };
		79F7FD2A19284A0F002A3DEA /* Base */ = {isa = PBXFileReference; lastKnownFileType = file.storyboard; name = Base; path = Base.lproj/Main.storyboard; sourceTree = "<group>"; };
		79F7FD2C19284A0F002A3DEA /* ViewController.h */ = {isa = PBXFileReference; lastKnownFileType = sourcecode.c.h; path = ViewController.h; sourceTree = "<group>"; };
		79F7FD2D19284A0F002A3DEA /* ViewController.m */ = {isa = PBXFileReference; lastKnownFileType = sourcecode.c.objc; path = ViewController.m; sourceTree = "<group>"; };
		79F7FD2F19284A0F002A3DEA /* Images.xcassets */ = {isa = PBXFileReference; lastKnownFileType = folder.assetcatalog; path = Images.xcassets; sourceTree = "<group>"; };
		79F7FD3519284A0F002A3DEA /* RadioIndiaTests.xctest */ = {isa = PBXFileReference; explicitFileType = wrapper.cfbundle; includeInIndex = 0; path = RadioIndiaTests.xctest; sourceTree = BUILT_PRODUCTS_DIR; };
		79F7FD3619284A0F002A3DEA /* XCTest.framework */ = {isa = PBXFileReference; lastKnownFileType = wrapper.framework; name = XCTest.framework; path = Library/Frameworks/XCTest.framework; sourceTree = DEVELOPER_DIR; };
		79F7FD3E19284A0F002A3DEA /* RadioIndiaTests-Info.plist */ = {isa = PBXFileReference; lastKnownFileType = text.plist.xml; path = "RadioIndiaTests-Info.plist"; sourceTree = "<group>"; };
		79F7FD4019284A0F002A3DEA /* en */ = {isa = PBXFileReference; lastKnownFileType = text.plist.strings; name = en; path = en.lproj/InfoPlist.strings; sourceTree = "<group>"; };
		79F7FD4219284A0F002A3DEA /* RadioIndiaTests.m */ = {isa = PBXFileReference; lastKnownFileType = sourcecode.c.objc; path = RadioIndiaTests.m; sourceTree = "<group>"; };
/* End PBXFileReference section */

/* Begin PBXFrameworksBuildPhase section */
		79F7FD1119284A0F002A3DEA /* Frameworks */ = {
			isa = PBXFrameworksBuildPhase;
			buildActionMask = 2147483647;
			files = (
				79F7FD1A19284A0F002A3DEA /* CoreGraphics.framework in Frameworks */,
				79F7FD1C19284A0F002A3DEA /* UIKit.framework in Frameworks */,
				79F7FD1819284A0F002A3DEA /* Foundation.framework in Frameworks */,
			);
			runOnlyForDeploymentPostprocessing = 0;
		};
		79F7FD3219284A0F002A3DEA /* Frameworks */ = {
			isa = PBXFrameworksBuildPhase;
			buildActionMask = 2147483647;
			files = (
				79F7FD3719284A0F002A3DEA /* XCTest.framework in Frameworks */,
				79F7FD3919284A0F002A3DEA /* UIKit.framework in Frameworks */,
				79F7FD3819284A0F002A3DEA /* Foundation.framework in Frameworks */,
			);
			runOnlyForDeploymentPostprocessing = 0;
		};
/* End PBXFrameworksBuildPhase section */

/* Begin PBXGroup section */
		79F7FD0B19284A0F002A3DEA = {
			isa = PBXGroup;
			children = (
				79F7FD1D19284A0F002A3DEA /* RadioIndia */,
				79F7FD3C19284A0F002A3DEA /* RadioIndiaTests */,
				79F7FD1619284A0F002A3DEA /* Frameworks */,
				79F7FD1519284A0F002A3DEA /* Products */,
			);
			sourceTree = "<group>";
		};
		79F7FD1519284A0F002A3DEA /* Products */ = {
			isa = PBXGroup;
			children = (
				79F7FD1419284A0F002A3DEA /* RadioIndia.app */,
				79F7FD3519284A0F002A3DEA /* RadioIndiaTests.xctest */,
			);
			name = Products;
			sourceTree = "<group>";
		};
		79F7FD1619284A0F002A3DEA /* Frameworks */ = {
			isa = PBXGroup;
			children = (
				79F7FD1719284A0F002A3DEA /* Foundation.framework */,
				79F7FD1919284A0F002A3DEA /* CoreGraphics.framework */,
				79F7FD1B19284A0F002A3DEA /* UIKit.framework */,
				79F7FD3619284A0F002A3DEA /* XCTest.framework */,
			);
			name = Frameworks;
			sourceTree = "<group>";
		};
		79F7FD1D19284A0F002A3DEA /* RadioIndia */ = {
			isa = PBXGroup;
			children = (
				79F7FD2619284A0F002A3DEA /* AppDelegate.h */,
				79F7FD2719284A0F002A3DEA /* AppDelegate.m */,
				79F7FD2919284A0F002A3DEA /* Main.storyboard */,
				79F7FD2C19284A0F002A3DEA /* ViewController.h */,
				79F7FD2D19284A0F002A3DEA /* ViewController.m */,
				79F7FD2F19284A0F002A3DEA /* Images.xcassets */,
				79F7FD1E19284A0F002A3DEA /* Supporting Files */,
			);
			path = RadioIndia;
			sourceTree = "<group>";
		};
		79F7FD1E19284A0F002A3DEA /* Supporting Files */ = {
			isa = PBXGroup;
			children = (
				79F7FD1F19284A0F002A3DEA /* RadioIndia-Info.plist */,
				79F7FD2019284A0F002A3DEA /* InfoPlist.strings */,
				79F7FD2319284A0F002A3DEA /* main.m */,
				79F7FD2519284A0F002A3DEA /* RadioIndia-Prefix.pch */,
			);
			name = "Supporting Files";
			sourceTree = "<group>";
		};
		79F7FD3C19284A0F002A3DEA /* RadioIndiaTests */ = {
			isa = PBXGroup;
			children = (
				79F7FD4219284A0F002A3DEA /* RadioIndiaTests.m */,
				79F7FD3D19284A0F002A3DEA /* Supporting Files */,
			);
			path = RadioIndiaTests;
			sourceTree = "<group>";
		};
		79F7FD3D19284A0F002A3DEA /* Supporting Files */ = {
			isa = PBXGroup;
			children = (
				79F7FD3E19284A0F002A3DEA /* RadioIndiaTests-Info.plist */,
				79F7FD3F19284A0F002A3DEA /* InfoPlist.strings */,
			);
			name = "Supporting Files";
			sourceTree = "<group>";
		};
/* End PBXGroup section */

/* Begin PBXNativeTarget section */
		79F7FD1319284A0F002A3DEA /* RadioIndia */ = {
			isa = PBXNativeTarget;
			buildConfigurationList = 79F7FD4619284A0F002A3DEA /* Build configuration list for PBXNativeTarget "RadioIndia" */;
			buildPhases = (
				79F7FD1019284A0F002A3DEA /* Sources */,
				79F7FD1119284A0F002A3DEA /* Frameworks */,
				79F7FD1219284A0F002A3DEA /* Resources */,
			);
			buildRules = (
			);
			dependencies = (
			);
			name = RadioIndia;
			productName = RadioIndia;
			productReference = 79F7FD1419284A0F002A3DEA /* RadioIndia.app */;
			productType = "com.apple.product-type.application";
		};
		79F7FD3419284A0F002A3DEA /* RadioIndiaTests */ = {
			isa = PBXNativeTarget;
			buildConfigurationList = 79F7FD4919284A0F002A3DEA /* Build configuration list for PBXNativeTarget "RadioIndiaTests" */;
			buildPhases = (
				79F7FD3119284A0F002A3DEA /* Sources */,
				79F7FD3219284A0F002A3DEA /* Frameworks */,
				79F7FD3319284A0F002A3DEA /* Resources */,
			);
			buildRules = (
			);
			dependencies = (
				79F7FD3B19284A0F002A3DEA /* PBXTargetDependency */,
			);
			name = RadioIndiaTests;
			productName = RadioIndiaTests;
			productReference = 79F7FD3519284A0F002A3DEA /* RadioIndiaTests.xctest */;
			productType = "com.apple.product-type.bundle.unit-test";
		};
/* End PBXNativeTarget section */

/* Begin PBXProject section */
		79F7FD0C19284A0F002A3DEA /* Project object */ = {
			isa = PBXProject;
			attributes = {
				LastUpgradeCheck = 0510;
				ORGANIZATIONNAME = "Systems USA";
				TargetAttributes = {
					79F7FD3419284A0F002A3DEA = {
						TestTargetID = 79F7FD1319284A0F002A3DEA;
					};
				};
			};
			buildConfigurationList = 79F7FD0F19284A0F002A3DEA /* Build configuration list for PBXProject "RadioIndia" */;
			compatibilityVersion = "Xcode 3.2";
			developmentRegion = English;
			hasScannedForEncodings = 0;
			knownRegions = (
				en,
				Base,
			);
			mainGroup = 79F7FD0B19284A0F002A3DEA;
			productRefGroup = 79F7FD1519284A0F002A3DEA /* Products */;
			projectDirPath = "";
			projectRoot = "";
			targets = (
				79F7FD1319284A0F002A3DEA /* RadioIndia */,
				79F7FD3419284A0F002A3DEA /* RadioIndiaTests */,
			);
		};
/* End PBXProject section */

/* Begin PBXResourcesBuildPhase section */
		79F7FD1219284A0F002A3DEA /* Resources */ = {
			isa = PBXResourcesBuildPhase;
			buildActionMask = 2147483647;
			files = (
				79F7FD3019284A0F002A3DEA /* Images.xcassets in Resources */,
				79F7FD2219284A0F002A3DEA /* InfoPlist.strings in Resources */,
				79F7FD2B19284A0F002A3DEA /* Main.storyboard in Resources */,
			);
			runOnlyForDeploymentPostprocessing = 0;
		};
		79F7FD3319284A0F002A3DEA /* Resources */ = {
			isa = PBXResourcesBuildPhase;
			buildActionMask = 2147483647;
			files = (
				79F7FD4119284A0F002A3DEA /* InfoPlist.strings in Resources */,
			);
			runOnlyForDeploymentPostprocessing = 0;
		};
/* End PBXResourcesBuildPhase section */

/* Begin PBXSourcesBuildPhase section */
		79F7FD1019284A0F002A3DEA /* Sources */ = {
			isa = PBXSourcesBuildPhase;
			buildActionMask = 2147483647;
			files = (
				79F7FD2E19284A0F002A3DEA /* ViewController.m in Sources */,
				79F7FD2819284A0F002A3DEA /* AppDelegate.m in Sources */,
				79F7FD2419284A0F002A3DEA /* main.m in Sources */,
			);
			runOnlyForDeploymentPostprocessing = 0;
		};
		79F7FD3119284A0F002A3DEA /* Sources */ = {
			isa = PBXSourcesBuildPhase;
			buildActionMask = 2147483647;
			files = (
				79F7FD4319284A0F002A3DEA /* RadioIndiaTests.m in Sources */,
			);
			runOnlyForDeploymentPostprocessing = 0;
		};
/* End PBXSourcesBuildPhase section */

/* Begin PBXTargetDependency section */
		79F7FD3B19284A0F002A3DEA /* PBXTargetDependency */ = {
			isa = PBXTargetDependency;
			target = 79F7FD1319284A0F002A3DEA /* RadioIndia */;
			targetProxy = 79F7FD3A19284A0F002A3DEA /* PBXContainerItemProxy */;
		};
/* End PBXTargetDependency section */

/* Begin PBXVariantGroup section */
		79F7FD2019284A0F002A3DEA /* InfoPlist.strings */ = {
			isa = PBXVariantGroup;
			children = (
				79F7FD2119284A0F002A3DEA /* en */,
			);
			name = InfoPlist.strings;
			sourceTree = "<group>";
		};
		79F7FD2919284A0F002A3DEA /* Main.storyboard */ = {
			isa = PBXVariantGroup;
			children = (
				79F7FD2A19284A0F002A3DEA /* Base */,
			);
			name = Main.storyboard;
			sourceTree = "<group>";
		};
		79F7FD3F19284A0F002A3DEA /* InfoPlist.strings */ = {
			isa = PBXVariantGroup;
			children = (
				79F7FD4019284A0F002A3DEA /* en */,
			);
			name = InfoPlist.strings;
			sourceTree = "<group>";
		};
/* End PBXVariantGroup section */

/* Begin XCBuildConfiguration section */
		79F7FD4419284A0F002A3DEA /* Debug */ = {
			isa = XCBuildConfiguration;
			buildSettings = {
				ALWAYS_SEARCH_USER_PATHS = NO;
				CLANG_CXX_LANGUAGE_STANDARD = "gnu++0x";
				CLANG_CXX_LIBRARY = "libc++";
				CLANG_ENABLE_MODULES = YES;
				CLANG_ENABLE_OBJC_ARC = YES;
				CLANG_WARN_BOOL_CONVERSION = YES;
				CLANG_WARN_CONSTANT_CONVERSION = YES;
				CLANG_WARN_DIRECT_OBJC_ISA_USAGE = YES_ERROR;
				CLANG_WARN_EMPTY_BODY = YES;
				CLANG_WARN_ENUM_CONVERSION = YES;
				CLANG_WARN_INT_CONVERSION = YES;
				CLANG_WARN_OBJC_ROOT_CLASS = YES_ERROR;
				CLANG_WARN__DUPLICATE_METHOD_MATCH = YES;
				"CODE_SIGN_IDENTITY[sdk=iphoneos*]" = "iPhone Developer";
				COPY_PHASE_STRIP = NO;
				GCC_C_LANGUAGE_STANDARD = gnu99;
				GCC_DYNAMIC_NO_PIC = NO;
				GCC_OPTIMIZATION_LEVEL = 0;
				GCC_PREPROCESSOR_DEFINITIONS = (
					"DEBUG=1",
					"$(inherited)",
				);
				GCC_SYMBOLS_PRIVATE_EXTERN = NO;
				GCC_WARN_64_TO_32_BIT_CONVERSION = YES;
				GCC_WARN_ABOUT_RETURN_TYPE = YES_ERROR;
				GCC_WARN_UNDECLARED_SELECTOR = YES;
				GCC_WARN_UNINITIALIZED_AUTOS = YES_AGGRESSIVE;
				GCC_WARN_UNUSED_FUNCTION = YES;
				GCC_WARN_UNUSED_VARIABLE = YES;
				IPHONEOS_DEPLOYMENT_TARGET = 7.1;
				ONLY_ACTIVE_ARCH = YES;
				SDKROOT = iphoneos;
			};
			name = Debug;
		};
		79F7FD4519284A0F002A3DEA /* Release */ = {
			isa = XCBuildConfiguration;
			buildSettings = {
				ALWAYS_SEARCH_USER_PATHS = NO;
				CLANG_CXX_LANGUAGE_STANDARD = "gnu++0x";
				CLANG_CXX_LIBRARY = "libc++";
				CLANG_ENABLE_MODULES = YES;
				CLANG_ENABLE_OBJC_ARC = YES;
				CLANG_WARN_BOOL_CONVERSION = YES;
				CLANG_WARN_CONSTANT_CONVERSION = YES;
				CLANG_WARN_DIRECT_OBJC_ISA_USAGE = YES_ERROR;
				CLANG_WARN_EMPTY_BODY = YES;
				CLANG_WARN_ENUM_CONVERSION = YES;
				CLANG_WARN_INT_CONVERSION = YES;
				CLANG_WARN_OBJC_ROOT_CLASS = YES_ERROR;
				CLANG_WARN__DUPLICATE_METHOD_MATCH = YES;
				"CODE_SIGN_IDENTITY[sdk=iphoneos*]" = "iPhone Developer";
				COPY_PHASE_STRIP = YES;
				ENABLE_NS_ASSERTIONS = NO;
				GCC_C_LANGUAGE_STANDARD = gnu99;
				GCC_WARN_64_TO_32_BIT_CONVERSION = YES;
				GCC_WARN_ABOUT_RETURN_TYPE = YES_ERROR;
				GCC_WARN_UNDECLARED_SELECTOR = YES;
				GCC_WARN_UNINITIALIZED_AUTOS = YES_AGGRESSIVE;
				GCC_WARN_UNUSED_FUNCTION = YES;
				GCC_WARN_UNUSED_VARIABLE = YES;
				IPHONEOS_DEPLOYMENT_TARGET = 7.1;
				SDKROOT = iphoneos;
				VALIDATE_PRODUCT = YES;
			};
			name = Release;
		};
		79F7FD4719284A0F002A3DEA /* Debug */ = {
			isa = XCBuildConfiguration;
			buildSettings = {
				ASSETCATALOG_COMPILER_APPICON_NAME = AppIcon;
				ASSETCATALOG_COMPILER_LAUNCHIMAGE_NAME = LaunchImage;
				GCC_PRECOMPILE_PREFIX_HEADER = YES;
				GCC_PREFIX_HEADER = "RadioIndia/RadioIndia-Prefix.pch";
				INFOPLIST_FILE = "RadioIndia/RadioIndia-Info.plist";
				PRODUCT_NAME = "$(TARGET_NAME)";
				WRAPPER_EXTENSION = app;
			};
			name = Debug;
		};
		79F7FD4819284A0F002A3DEA /* Release */ = {
			isa = XCBuildConfiguration;
			buildSettings = {
				ASSETCATALOG_COMPILER_APPICON_NAME = AppIcon;
				ASSETCATALOG_COMPILER_LAUNCHIMAGE_NAME = LaunchImage;
				GCC_PRECOMPILE_PREFIX_HEADER = YES;
				GCC_PREFIX_HEADER = "RadioIndia/RadioIndia-Prefix.pch";
				INFOPLIST_FILE = "RadioIndia/RadioIndia-Info.plist";
				PRODUCT_NAME = "$(TARGET_NAME)";
				WRAPPER_EXTENSION = app;
			};
			name = Release;
		};
		79F7FD4A19284A0F002A3DEA /* Debug */ = {
			isa = XCBuildConfiguration;
			buildSettings = {
				BUNDLE_LOADER = "$(BUILT_PRODUCTS_DIR)/RadioIndia.app/RadioIndia";
				FRAMEWORK_SEARCH_PATHS = (
					"$(SDKROOT)/Developer/Library/Frameworks",
					"$(inherited)",
					"$(DEVELOPER_FRAMEWORKS_DIR)",
				);
				GCC_PRECOMPILE_PREFIX_HEADER = YES;
				GCC_PREFIX_HEADER = "RadioIndia/RadioIndia-Prefix.pch";
				GCC_PREPROCESSOR_DEFINITIONS = (
					"DEBUG=1",
					"$(inherited)",
				);
				INFOPLIST_FILE = "RadioIndiaTests/RadioIndiaTests-Info.plist";
				PRODUCT_NAME = "$(TARGET_NAME)";
				TEST_HOST = "$(BUNDLE_LOADER)";
				WRAPPER_EXTENSION = xctest;
			};
			name = Debug;
		};
		79F7FD4B19284A0F002A3DEA /* Release */ = {
			isa = XCBuildConfiguration;
			buildSettings = {
				BUNDLE_LOADER = "$(BUILT_PRODUCTS_DIR)/RadioIndia.app/RadioIndia";
				FRAMEWORK_SEARCH_PATHS = (
					"$(SDKROOT)/Developer/Library/Frameworks",
					"$(inherited)",
					"$(DEVELOPER_FRAMEWORKS_DIR)",
				);
				GCC_PRECOMPILE_PREFIX_HEADER = YES;
				GCC_PREFIX_HEADER = "RadioIndia/RadioIndia-Prefix.pch";
				INFOPLIST_FILE = "RadioIndiaTests/RadioIndiaTests-Info.plist";
				PRODUCT_NAME = "$(TARGET_NAME)";
				TEST_HOST = "$(BUNDLE_LOADER)";
				WRAPPER_EXTENSION = xctest;
			};
			name = Release;
		};
/* End XCBuildConfiguration section */

/* Begin XCConfigurationList section */
		79F7FD0F19284A0F002A3DEA /* Build configuration list for PBXProject "RadioIndia" */ = {
			isa = XCConfigurationList;
			buildConfigurations = (
				79F7FD4419284A0F002A3DEA /* Debug */,
				79F7FD4519284A0F002A3DEA /* Release */,
			);
			defaultConfigurationIsVisible = 0;
			defaultConfigurationName = Release;
		};
		79F7FD4619284A0F002A3DEA /* Build configuration list for PBXNativeTarget "RadioIndia" */ = {
			isa = XCConfigurationList;
			buildConfigurations = (
				79F7FD4719284A0F002A3DEA /* Debug */,
				79F7FD4819284A0F002A3DEA /* Release */,
			);
			defaultConfigurationIsVisible = 0;
		};
		79F7FD4919284A0F002A3DEA /* Build configuration list for PBXNativeTarget "RadioIndiaTests" */ = {
			isa = XCConfigurationList;
			buildConfigurations = (
				79F7FD4A19284A0F002A3DEA /* Debug */,
				79F7FD4B19284A0F002A3DEA /* Release */,
			);
			defaultConfigurationIsVisible = 0;
		};
/* End XCConfigurationList section */
	};
	rootObject = 79F7FD0C19284A0F002A3DEA /* Project object */;
}
