// !$*UTF8*$!
{
	archiveVersion = 1;
	classes = {
	};
	objectVersion = 46;
	objects = {

/* Begin PBXBuildFile section */
		7926A661192E4266005B5C98 /* StationList.m in Sources */ = {isa = PBXBuildFile; fileRef = 7926A660192E4266005B5C98 /* StationList.m */; };
		7926A664192F1E0B005B5C98 /* GenreTableViewController.m in Sources */ = {isa = PBXBuildFile; fileRef = 7926A663192F1E0B005B5C98 /* GenreTableViewController.m */; };
		79422FEE192F54E5006684FC /* CitiesTableViewController.m in Sources */ = {isa = PBXBuildFile; fileRef = 79422FED192F54E5006684FC /* CitiesTableViewController.m */; };
		79422FF2192F5755006684FC /* CityCell.m in Sources */ = {isa = PBXBuildFile; fileRef = 79422FF1192F5755006684FC /* CityCell.m */; };
		79422FFC19310821006684FC /* CityStationsTableViewController.m in Sources */ = {isa = PBXBuildFile; fileRef = 79422FFB19310821006684FC /* CityStationsTableViewController.m */; };
		796004C7192A4E3C00EAE4B2 /* Parse.framework in Frameworks */ = {isa = PBXBuildFile; fileRef = 796004C6192A4E3B00EAE4B2 /* Parse.framework */; };
		796004CB192A56B700EAE4B2 /* MobileCoreServices.framework in Frameworks */ = {isa = PBXBuildFile; fileRef = 796004CA192A56B700EAE4B2 /* MobileCoreServices.framework */; };
		796004CD192A56C200EAE4B2 /* CFNetwork.framework in Frameworks */ = {isa = PBXBuildFile; fileRef = 796004CC192A56C200EAE4B2 /* CFNetwork.framework */; };
		796004CF192A56E000EAE4B2 /* SystemConfiguration.framework in Frameworks */ = {isa = PBXBuildFile; fileRef = 796004CE192A56E000EAE4B2 /* SystemConfiguration.framework */; };
		796004D2192A7B5200EAE4B2 /* StationCell.m in Sources */ = {isa = PBXBuildFile; fileRef = 796004D1192A7B5200EAE4B2 /* StationCell.m */; };
		796004D4192AA2A100EAE4B2 /* favoriteIcon.png in Resources */ = {isa = PBXBuildFile; fileRef = 796004D3192AA2A100EAE4B2 /* favoriteIcon.png */; };
		796004D8192AA6AB00EAE4B2 /* radioIndia1.jpg in Resources */ = {isa = PBXBuildFile; fileRef = 796004D6192AA6AB00EAE4B2 /* radioIndia1.jpg */; };
		796004DB192AA83C00EAE4B2 /* radioIndia3.jpg in Resources */ = {isa = PBXBuildFile; fileRef = 796004DA192AA83C00EAE4B2 /* radioIndia3.jpg */; };
		796004DD192AAA6100EAE4B2 /* playButton.png in Resources */ = {isa = PBXBuildFile; fileRef = 796004DC192AAA6100EAE4B2 /* playButton.png */; };
		796004DF192AD40600EAE4B2 /* pauseButton.png in Resources */ = {isa = PBXBuildFile; fileRef = 796004DE192AD40600EAE4B2 /* pauseButton.png */; };
		79C3A6BB192B1F7400C16FE7 /* Station.m in Sources */ = {isa = PBXBuildFile; fileRef = 79C3A6BA192B1F7400C16FE7 /* Station.m */; };
		79C3A6BD192B997500C16FE7 /* AVFoundation.framework in Frameworks */ = {isa = PBXBuildFile; fileRef = 79C3A6BC192B997500C16FE7 /* AVFoundation.framework */; };
		79C3A6C0192C277400C16FE7 /* PlayerViewController.m in Sources */ = {isa = PBXBuildFile; fileRef = 79C3A6BF192C277400C16FE7 /* PlayerViewController.m */; };
		79C3A6C3192CFE1500C16FE7 /* favorites.png in Resources */ = {isa = PBXBuildFile; fileRef = 79C3A6C1192CFE1500C16FE7 /* favorites.png */; };
		79C3A6C4192CFE1500C16FE7 /* favorites@2x.png in Resources */ = {isa = PBXBuildFile; fileRef = 79C3A6C2192CFE1500C16FE7 /* favorites@2x.png */; };
		79C3A6D9192D0FC800C16FE7 /* facebookIcon.png in Resources */ = {isa = PBXBuildFile; fileRef = 79C3A6D7192D0FC800C16FE7 /* facebookIcon.png */; };
		79C3A6DA192D0FC800C16FE7 /* twitterIcon.png in Resources */ = {isa = PBXBuildFile; fileRef = 79C3A6D8192D0FC800C16FE7 /* twitterIcon.png */; };
		79F7FD1819284A0F002A3DEA /* Foundation.framework in Frameworks */ = {isa = PBXBuildFile; fileRef = 79F7FD1719284A0F002A3DEA /* Foundation.framework */; };
		79F7FD1A19284A0F002A3DEA /* CoreGraphics.framework in Frameworks */ = {isa = PBXBuildFile; fileRef = 79F7FD1919284A0F002A3DEA /* CoreGraphics.framework */; };
		79F7FD1C19284A0F002A3DEA /* UIKit.framework in Frameworks */ = {isa = PBXBuildFile; fileRef = 79F7FD1B19284A0F002A3DEA /* UIKit.framework */; };
		79F7FD2219284A0F002A3DEA /* InfoPlist.strings in Resources */ = {isa = PBXBuildFile; fileRef = 79F7FD2019284A0F002A3DEA /* InfoPlist.strings */; };
		79F7FD2419284A0F002A3DEA /* main.m in Sources */ = {isa = PBXBuildFile; fileRef = 79F7FD2319284A0F002A3DEA /* main.m */; };
		79F7FD2819284A0F002A3DEA /* AppDelegate.m in Sources */ = {isa = PBXBuildFile; fileRef = 79F7FD2719284A0F002A3DEA /* AppDelegate.m */; };
		79F7FD2B19284A0F002A3DEA /* Main.storyboard in Resources */ = {isa = PBXBuildFile; fileRef = 79F7FD2919284A0F002A3DEA /* Main.storyboard */; };
		79F7FD3019284A0F002A3DEA /* Images.xcassets in Resources */ = {isa = PBXBuildFile; fileRef = 79F7FD2F19284A0F002A3DEA /* Images.xcassets */; };
		79F7FD3719284A0F002A3DEA /* XCTest.framework in Frameworks */ = {isa = PBXBuildFile; fileRef = 79F7FD3619284A0F002A3DEA /* XCTest.framework */; };
		79F7FD3819284A0F002A3DEA /* Foundation.framework in Frameworks */ = {isa = PBXBuildFile; fileRef = 79F7FD1719284A0F002A3DEA /* Foundation.framework */; };
		79F7FD3919284A0F002A3DEA /* UIKit.framework in Frameworks */ = {isa = PBXBuildFile; fileRef = 79F7FD1B19284A0F002A3DEA /* UIKit.framework */; };
		79F7FD4119284A0F002A3DEA /* InfoPlist.strings in Resources */ = {isa = PBXBuildFile; fileRef = 79F7FD3F19284A0F002A3DEA /* InfoPlist.strings */; };
		79F7FD4319284A0F002A3DEA /* RadioIndiaTests.m in Sources */ = {isa = PBXBuildFile; fileRef = 79F7FD4219284A0F002A3DEA /* RadioIndiaTests.m */; };
		79F7FD5C192859BD002A3DEA /* stations.png in Resources */ = {isa = PBXBuildFile; fileRef = 79F7FD5A192859BD002A3DEA /* stations.png */; };
		79F7FD5D192859BD002A3DEA /* stations@2x.png in Resources */ = {isa = PBXBuildFile; fileRef = 79F7FD5B192859BD002A3DEA /* stations@2x.png */; };
		79F7FD6519285B3D002A3DEA /* genre.png in Resources */ = {isa = PBXBuildFile; fileRef = 79F7FD6319285B3D002A3DEA /* genre.png */; };
		79F7FD6619285B3D002A3DEA /* genre@2x.png in Resources */ = {isa = PBXBuildFile; fileRef = 79F7FD6419285B3D002A3DEA /* genre@2x.png */; };
		79F7FD6919285C7A002A3DEA /* cities.png in Resources */ = {isa = PBXBuildFile; fileRef = 79F7FD6719285C7A002A3DEA /* cities.png */; };
		79F7FD6A19285C7A002A3DEA /* cities@2x.png in Resources */ = {isa = PBXBuildFile; fileRef = 79F7FD6819285C7A002A3DEA /* cities@2x.png */; };
		79F7FD6D19285CA0002A3DEA /* settings@2x.png in Resources */ = {isa = PBXBuildFile; fileRef = 79F7FD6B19285CA0002A3DEA /* settings@2x.png */; };
		79F7FD6E19285CA0002A3DEA /* settings.png in Resources */ = {isa = PBXBuildFile; fileRef = 79F7FD6C19285CA0002A3DEA /* settings.png */; };
		79F7FD7119285F8F002A3DEA /* StationsTableViewController.m in Sources */ = {isa = PBXBuildFile; fileRef = 79F7FD7019285F8F002A3DEA /* StationsTableViewController.m */; };
/* End PBXBuildFile section */

/* Begin PBXContainerItemProxy section */
		79F7FD3A19284A0F002A3DEA /* PBXContainerItemProxy */ = {
			isa = PBXContainerItemProxy;
			containerPortal = 79F7FD0C19284A0F002A3DEA /* Project object */;
			proxyType = 1;
			remoteGlobalIDString = 79F7FD1319284A0F002A3DEA;
			remoteInfo = RadioIndia;
		};
/* End PBXContainerItemProxy section */

/* Begin PBXFileReference section */
		7926A65F192E4266005B5C98 /* StationList.h */ = {isa = PBXFileReference; fileEncoding = 4; lastKnownFileType = sourcecode.c.h; name = StationList.h; path = ../StationList.h; sourceTree = "<group>"; };
		7926A660192E4266005B5C98 /* StationList.m */ = {isa = PBXFileReference; fileEncoding = 4; lastKnownFileType = sourcecode.c.objc; name = StationList.m; path = ../StationList.m; sourceTree = "<group>"; };
		7926A662192F1E0B005B5C98 /* GenreTableViewController.h */ = {isa = PBXFileReference; fileEncoding = 4; lastKnownFileType = sourcecode.c.h; path = GenreTableViewController.h; sourceTree = "<group>"; };
		7926A663192F1E0B005B5C98 /* GenreTableViewController.m */ = {isa = PBXFileReference; fileEncoding = 4; lastKnownFileType = sourcecode.c.objc; path = GenreTableViewController.m; sourceTree = "<group>"; };
		79422FEC192F54E5006684FC /* CitiesTableViewController.h */ = {isa = PBXFileReference; fileEncoding = 4; lastKnownFileType = sourcecode.c.h; path = CitiesTableViewController.h; sourceTree = "<group>"; };
		79422FED192F54E5006684FC /* CitiesTableViewController.m */ = {isa = PBXFileReference; fileEncoding = 4; lastKnownFileType = sourcecode.c.objc; path = CitiesTableViewController.m; sourceTree = "<group>"; };
		79422FF0192F5755006684FC /* CityCell.h */ = {isa = PBXFileReference; fileEncoding = 4; lastKnownFileType = sourcecode.c.h; path = CityCell.h; sourceTree = "<group>"; };
		79422FF1192F5755006684FC /* CityCell.m */ = {isa = PBXFileReference; fileEncoding = 4; lastKnownFileType = sourcecode.c.objc; path = CityCell.m; sourceTree = "<group>"; };
		79422FFA19310821006684FC /* CityStationsTableViewController.h */ = {isa = PBXFileReference; fileEncoding = 4; lastKnownFileType = sourcecode.c.h; name = CityStationsTableViewController.h; path = ../CityStationsTableViewController.h; sourceTree = "<group>"; };
		79422FFB19310821006684FC /* CityStationsTableViewController.m */ = {isa = PBXFileReference; fileEncoding = 4; lastKnownFileType = sourcecode.c.objc; name = CityStationsTableViewController.m; path = ../CityStationsTableViewController.m; sourceTree = "<group>"; };
		796004C6192A4E3B00EAE4B2 /* Parse.framework */ = {isa = PBXFileReference; lastKnownFileType = wrapper.framework; path = Parse.framework; sourceTree = "<group>"; };
		796004C8192A53F800EAE4B2 /* AudioToolbox.framework */ = {isa = PBXFileReference; lastKnownFileType = wrapper.framework; name = AudioToolbox.framework; path = System/Library/Frameworks/AudioToolbox.framework; sourceTree = SDKROOT; };
		796004CA192A56B700EAE4B2 /* MobileCoreServices.framework */ = {isa = PBXFileReference; lastKnownFileType = wrapper.framework; name = MobileCoreServices.framework; path = System/Library/Frameworks/MobileCoreServices.framework; sourceTree = SDKROOT; };
		796004CC192A56C200EAE4B2 /* CFNetwork.framework */ = {isa = PBXFileReference; lastKnownFileType = wrapper.framework; name = CFNetwork.framework; path = System/Library/Frameworks/CFNetwork.framework; sourceTree = SDKROOT; };
		796004CE192A56E000EAE4B2 /* SystemConfiguration.framework */ = {isa = PBXFileReference; lastKnownFileType = wrapper.framework; name = SystemConfiguration.framework; path = System/Library/Frameworks/SystemConfiguration.framework; sourceTree = SDKROOT; };
		796004D0192A7B5200EAE4B2 /* StationCell.h */ = {isa = PBXFileReference; fileEncoding = 4; lastKnownFileType = sourcecode.c.h; path = StationCell.h; sourceTree = "<group>"; };
		796004D1192A7B5200EAE4B2 /* StationCell.m */ = {isa = PBXFileReference; fileEncoding = 4; lastKnownFileType = sourcecode.c.objc; path = StationCell.m; sourceTree = "<group>"; };
		796004D3192AA2A100EAE4B2 /* favoriteIcon.png */ = {isa = PBXFileReference; lastKnownFileType = image.png; path = favoriteIcon.png; sourceTree = "<group>"; };
		796004D6192AA6AB00EAE4B2 /* radioIndia1.jpg */ = {isa = PBXFileReference; lastKnownFileType = image.jpeg; path = radioIndia1.jpg; sourceTree = "<group>"; };
		796004DA192AA83C00EAE4B2 /* radioIndia3.jpg */ = {isa = PBXFileReference; lastKnownFileType = image.jpeg; path = radioIndia3.jpg; sourceTree = "<group>"; };
		796004DC192AAA6100EAE4B2 /* playButton.png */ = {isa = PBXFileReference; lastKnownFileType = image.png; path = playButton.png; sourceTree = "<group>"; };
		796004DE192AD40600EAE4B2 /* pauseButton.png */ = {isa = PBXFileReference; lastKnownFileType = image.png; path = pauseButton.png; sourceTree = "<group>"; };
		79C3A6B9192B1F7400C16FE7 /* Station.h */ = {isa = PBXFileReference; fileEncoding = 4; lastKnownFileType = sourcecode.c.h; path = Station.h; sourceTree = "<group>"; };
		79C3A6BA192B1F7400C16FE7 /* Station.m */ = {isa = PBXFileReference; fileEncoding = 4; lastKnownFileType = sourcecode.c.objc; path = Station.m; sourceTree = "<group>"; };
		79C3A6BC192B997500C16FE7 /* AVFoundation.framework */ = {isa = PBXFileReference; lastKnownFileType = wrapper.framework; name = AVFoundation.framework; path = System/Library/Frameworks/AVFoundation.framework; sourceTree = SDKROOT; };
		79C3A6BE192C277400C16FE7 /* PlayerViewController.h */ = {isa = PBXFileReference; fileEncoding = 4; lastKnownFileType = sourcecode.c.h; name = PlayerViewController.h; path = ../PlayerViewController.h; sourceTree = "<group>"; };
		79C3A6BF192C277400C16FE7 /* PlayerViewController.m */ = {isa = PBXFileReference; fileEncoding = 4; lastKnownFileType = sourcecode.c.objc; name = PlayerViewController.m; path = ../PlayerViewController.m; sourceTree = "<group>"; };
		79C3A6C1192CFE1500C16FE7 /* favorites.png */ = {isa = PBXFileReference; lastKnownFileType = image.png; path = favorites.png; sourceTree = "<group>"; };
		79C3A6C2192CFE1500C16FE7 /* favorites@2x.png */ = {isa = PBXFileReference; lastKnownFileType = image.png; path = "favorites@2x.png"; sourceTree = "<group>"; };
		79C3A6D7192D0FC800C16FE7 /* facebookIcon.png */ = {isa = PBXFileReference; lastKnownFileType = image.png; path = facebookIcon.png; sourceTree = "<group>"; };
		79C3A6D8192D0FC800C16FE7 /* twitterIcon.png */ = {isa = PBXFileReference; lastKnownFileType = image.png; path = twitterIcon.png; sourceTree = "<group>"; };
		79F7FD1419284A0F002A3DEA /* RadioIndia.app */ = {isa = PBXFileReference; explicitFileType = wrapper.application; includeInIndex = 0; path = RadioIndia.app; sourceTree = BUILT_PRODUCTS_DIR; };
		79F7FD1719284A0F002A3DEA /* Foundation.framework */ = {isa = PBXFileReference; lastKnownFileType = wrapper.framework; name = Foundation.framework; path = System/Library/Frameworks/Foundation.framework; sourceTree = SDKROOT; };
		79F7FD1919284A0F002A3DEA /* CoreGraphics.framework */ = {isa = PBXFileReference; lastKnownFileType = wrapper.framework; name = CoreGraphics.framework; path = System/Library/Frameworks/CoreGraphics.framework; sourceTree = SDKROOT; };
		79F7FD1B19284A0F002A3DEA /* UIKit.framework */ = {isa = PBXFileReference; lastKnownFileType = wrapper.framework; name = UIKit.framework; path = System/Library/Frameworks/UIKit.framework; sourceTree = SDKROOT; };
		79F7FD1F19284A0F002A3DEA /* RadioIndia-Info.plist */ = {isa = PBXFileReference; lastKnownFileType = text.plist.xml; path = "RadioIndia-Info.plist"; sourceTree = "<group>"; };
		79F7FD2119284A0F002A3DEA /* en */ = {isa = PBXFileReference; lastKnownFileType = text.plist.strings; name = en; path = en.lproj/InfoPlist.strings; sourceTree = "<group>"; };
		79F7FD2319284A0F002A3DEA /* main.m */ = {isa = PBXFileReference; lastKnownFileType = sourcecode.c.objc; path = main.m; sourceTree = "<group>"; };
		79F7FD2519284A0F002A3DEA /* RadioIndia-Prefix.pch */ = {isa = PBXFileReference; lastKnownFileType = sourcecode.c.h; path = "RadioIndia-Prefix.pch"; sourceTree = "<group>"; };
		79F7FD2619284A0F002A3DEA /* AppDelegate.h */ = {isa = PBXFileReference; lastKnownFileType = sourcecode.c.h; path = AppDelegate.h; sourceTree = "<group>"; };
		79F7FD2719284A0F002A3DEA /* AppDelegate.m */ = {isa = PBXFileReference; lastKnownFileType = sourcecode.c.objc; path = AppDelegate.m; sourceTree = "<group>"; };
		79F7FD2A19284A0F002A3DEA /* Base */ = {isa = PBXFileReference; lastKnownFileType = file.storyboard; name = Base; path = Base.lproj/Main.storyboard; sourceTree = "<group>"; };
		79F7FD2F19284A0F002A3DEA /* Images.xcassets */ = {isa = PBXFileReference; lastKnownFileType = folder.assetcatalog; path = Images.xcassets; sourceTree = "<group>"; };
		79F7FD3519284A0F002A3DEA /* RadioIndiaTests.xctest */ = {isa = PBXFileReference; explicitFileType = wrapper.cfbundle; includeInIndex = 0; path = RadioIndiaTests.xctest; sourceTree = BUILT_PRODUCTS_DIR; };
		79F7FD3619284A0F002A3DEA /* XCTest.framework */ = {isa = PBXFileReference; lastKnownFileType = wrapper.framework; name = XCTest.framework; path = Library/Frameworks/XCTest.framework; sourceTree = DEVELOPER_DIR; };
		79F7FD3E19284A0F002A3DEA /* RadioIndiaTests-Info.plist */ = {isa = PBXFileReference; lastKnownFileType = text.plist.xml; path = "RadioIndiaTests-Info.plist"; sourceTree = "<group>"; };
		79F7FD4019284A0F002A3DEA /* en */ = {isa = PBXFileReference; lastKnownFileType = text.plist.strings; name = en; path = en.lproj/InfoPlist.strings; sourceTree = "<group>"; };
		79F7FD4219284A0F002A3DEA /* RadioIndiaTests.m */ = {isa = PBXFileReference; lastKnownFileType = sourcecode.c.objc; path = RadioIndiaTests.m; sourceTree = "<group>"; };
		79F7FD5A192859BD002A3DEA /* stations.png */ = {isa = PBXFileReference; lastKnownFileType = image.png; path = stations.png; sourceTree = "<group>"; };
		79F7FD5B192859BD002A3DEA /* stations@2x.png */ = {isa = PBXFileReference; lastKnownFileType = image.png; path = "stations@2x.png"; sourceTree = "<group>"; };
		79F7FD6319285B3D002A3DEA /* genre.png */ = {isa = PBXFileReference; lastKnownFileType = image.png; path = genre.png; sourceTree = "<group>"; };
		79F7FD6419285B3D002A3DEA /* genre@2x.png */ = {isa = PBXFileReference; lastKnownFileType = image.png; path = "genre@2x.png"; sourceTree = "<group>"; };
		79F7FD6719285C7A002A3DEA /* cities.png */ = {isa = PBXFileReference; lastKnownFileType = image.png; path = cities.png; sourceTree = "<group>"; };
		79F7FD6819285C7A002A3DEA /* cities@2x.png */ = {isa = PBXFileReference; lastKnownFileType = image.png; path = "cities@2x.png"; sourceTree = "<group>"; };
		79F7FD6B19285CA0002A3DEA /* settings@2x.png */ = {isa = PBXFileReference; lastKnownFileType = image.png; path = "settings@2x.png"; sourceTree = "<group>"; };
		79F7FD6C19285CA0002A3DEA /* settings.png */ = {isa = PBXFileReference; lastKnownFileType = image.png; path = settings.png; sourceTree = "<group>"; };
		79F7FD6F19285F8F002A3DEA /* StationsTableViewController.h */ = {isa = PBXFileReference; fileEncoding = 4; lastKnownFileType = sourcecode.c.h; path = StationsTableViewController.h; sourceTree = "<group>"; };
		79F7FD7019285F8F002A3DEA /* StationsTableViewController.m */ = {isa = PBXFileReference; fileEncoding = 4; lastKnownFileType = sourcecode.c.objc; path = StationsTableViewController.m; sourceTree = "<group>"; };
/* End PBXFileReference section */

/* Begin PBXFrameworksBuildPhase section */
		79F7FD1119284A0F002A3DEA /* Frameworks */ = {
			isa = PBXFrameworksBuildPhase;
			buildActionMask = 2147483647;
			files = (
				79C3A6BD192B997500C16FE7 /* AVFoundation.framework in Frameworks */,
				796004CF192A56E000EAE4B2 /* SystemConfiguration.framework in Frameworks */,
				796004CD192A56C200EAE4B2 /* CFNetwork.framework in Frameworks */,
				796004CB192A56B700EAE4B2 /* MobileCoreServices.framework in Frameworks */,
				79F7FD1A19284A0F002A3DEA /* CoreGraphics.framework in Frameworks */,
				79F7FD1C19284A0F002A3DEA /* UIKit.framework in Frameworks */,
				796004C7192A4E3C00EAE4B2 /* Parse.framework in Frameworks */,
				79F7FD1819284A0F002A3DEA /* Foundation.framework in Frameworks */,
			);
			runOnlyForDeploymentPostprocessing = 0;
		};
		79F7FD3219284A0F002A3DEA /* Frameworks */ = {
			isa = PBXFrameworksBuildPhase;
			buildActionMask = 2147483647;
			files = (
				79F7FD3719284A0F002A3DEA /* XCTest.framework in Frameworks */,
				79F7FD3919284A0F002A3DEA /* UIKit.framework in Frameworks */,
				79F7FD3819284A0F002A3DEA /* Foundation.framework in Frameworks */,
			);
			runOnlyForDeploymentPostprocessing = 0;
		};
/* End PBXFrameworksBuildPhase section */

/* Begin PBXGroup section */
		7926A65E192E4188005B5C98 /* Model */ = {
			isa = PBXGroup;
			children = (
				7926A65F192E4266005B5C98 /* StationList.h */,
				7926A660192E4266005B5C98 /* StationList.m */,
				79C3A6B9192B1F7400C16FE7 /* Station.h */,
				79C3A6BA192B1F7400C16FE7 /* Station.m */,
			);
			name = Model;
			sourceTree = "<group>";
		};
		7926A665192F1E13005B5C98 /* Genre */ = {
			isa = PBXGroup;
			children = (
				7926A662192F1E0B005B5C98 /* GenreTableViewController.h */,
				7926A663192F1E0B005B5C98 /* GenreTableViewController.m */,
			);
			name = Genre;
			sourceTree = "<group>";
		};
		79422FEF192F5668006684FC /* Cities */ = {
			isa = PBXGroup;
			children = (
				79422FEC192F54E5006684FC /* CitiesTableViewController.h */,
				79422FED192F54E5006684FC /* CitiesTableViewController.m */,
				79422FF0192F5755006684FC /* CityCell.h */,
				79422FF1192F5755006684FC /* CityCell.m */,
				79422FFA19310821006684FC /* CityStationsTableViewController.h */,
				79422FFB19310821006684FC /* CityStationsTableViewController.m */,
			);
			name = Cities;
			sourceTree = "<group>";
		};
		796004D5192AA31300EAE4B2 /* Images */ = {
			isa = PBXGroup;
			children = (
				79C3A6D7192D0FC800C16FE7 /* facebookIcon.png */,
				79C3A6D8192D0FC800C16FE7 /* twitterIcon.png */,
				796004DE192AD40600EAE4B2 /* pauseButton.png */,
				796004DC192AAA6100EAE4B2 /* playButton.png */,
				796004DA192AA83C00EAE4B2 /* radioIndia3.jpg */,
				796004D6192AA6AB00EAE4B2 /* radioIndia1.jpg */,
				79F7FD5E192859CF002A3DEA /* tabBarIcons */,
				796004D3192AA2A100EAE4B2 /* favoriteIcon.png */,
			);
			name = Images;
			sourceTree = "<group>";
		};
		79F7FD0B19284A0F002A3DEA = {
			isa = PBXGroup;
			children = (
				79F7FD1D19284A0F002A3DEA /* RadioIndia */,
				79F7FD3C19284A0F002A3DEA /* RadioIndiaTests */,
				79F7FD1619284A0F002A3DEA /* Frameworks */,
				79F7FD1519284A0F002A3DEA /* Products */,
			);
			sourceTree = "<group>";
		};
		79F7FD1519284A0F002A3DEA /* Products */ = {
			isa = PBXGroup;
			children = (
				79F7FD1419284A0F002A3DEA /* RadioIndia.app */,
				79F7FD3519284A0F002A3DEA /* RadioIndiaTests.xctest */,
			);
			name = Products;
			sourceTree = "<group>";
		};
		79F7FD1619284A0F002A3DEA /* Frameworks */ = {
			isa = PBXGroup;
			children = (
				79C3A6BC192B997500C16FE7 /* AVFoundation.framework */,
				796004CE192A56E000EAE4B2 /* SystemConfiguration.framework */,
				796004CC192A56C200EAE4B2 /* CFNetwork.framework */,
				796004CA192A56B700EAE4B2 /* MobileCoreServices.framework */,
				796004C8192A53F800EAE4B2 /* AudioToolbox.framework */,
				796004C6192A4E3B00EAE4B2 /* Parse.framework */,
				79F7FD1719284A0F002A3DEA /* Foundation.framework */,
				79F7FD1919284A0F002A3DEA /* CoreGraphics.framework */,
				79F7FD1B19284A0F002A3DEA /* UIKit.framework */,
				79F7FD3619284A0F002A3DEA /* XCTest.framework */,
			);
			name = Frameworks;
			sourceTree = "<group>";
		};
		79F7FD1D19284A0F002A3DEA /* RadioIndia */ = {
			isa = PBXGroup;
			children = (
				79C3A6BE192C277400C16FE7 /* PlayerViewController.h */,
				79C3A6BF192C277400C16FE7 /* PlayerViewController.m */,
				7926A65E192E4188005B5C98 /* Model */,
				7926A665192F1E13005B5C98 /* Genre */,
				79F7FD7219285FA1002A3DEA /* Stations */,
				79422FEF192F5668006684FC /* Cities */,
				796004D5192AA31300EAE4B2 /* Images */,
				79F7FD2619284A0F002A3DEA /* AppDelegate.h */,
				79F7FD2719284A0F002A3DEA /* AppDelegate.m */,
				79F7FD2919284A0F002A3DEA /* Main.storyboard */,
				79F7FD2F19284A0F002A3DEA /* Images.xcassets */,
				79F7FD1E19284A0F002A3DEA /* Supporting Files */,
			);
			path = RadioIndia;
			sourceTree = "<group>";
		};
		79F7FD1E19284A0F002A3DEA /* Supporting Files */ = {
			isa = PBXGroup;
			children = (
				79F7FD1F19284A0F002A3DEA /* RadioIndia-Info.plist */,
				79F7FD2019284A0F002A3DEA /* InfoPlist.strings */,
				79F7FD2319284A0F002A3DEA /* main.m */,
				79F7FD2519284A0F002A3DEA /* RadioIndia-Prefix.pch */,
			);
			name = "Supporting Files";
			sourceTree = "<group>";
		};
		79F7FD3C19284A0F002A3DEA /* RadioIndiaTests */ = {
			isa = PBXGroup;
			children = (
				79F7FD4219284A0F002A3DEA /* RadioIndiaTests.m */,
				79F7FD3D19284A0F002A3DEA /* Supporting Files */,
			);
			path = RadioIndiaTests;
			sourceTree = "<group>";
		};
		79F7FD3D19284A0F002A3DEA /* Supporting Files */ = {
			isa = PBXGroup;
			children = (
				79F7FD3E19284A0F002A3DEA /* RadioIndiaTests-Info.plist */,
				79F7FD3F19284A0F002A3DEA /* InfoPlist.strings */,
			);
			name = "Supporting Files";
			sourceTree = "<group>";
		};
		79F7FD5E192859CF002A3DEA /* tabBarIcons */ = {
			isa = PBXGroup;
			children = (
				79C3A6C1192CFE1500C16FE7 /* favorites.png */,
				79C3A6C2192CFE1500C16FE7 /* favorites@2x.png */,
				79F7FD6B19285CA0002A3DEA /* settings@2x.png */,
				79F7FD6C19285CA0002A3DEA /* settings.png */,
				79F7FD6719285C7A002A3DEA /* cities.png */,
				79F7FD6819285C7A002A3DEA /* cities@2x.png */,
				79F7FD6319285B3D002A3DEA /* genre.png */,
				79F7FD6419285B3D002A3DEA /* genre@2x.png */,
				79F7FD5A192859BD002A3DEA /* stations.png */,
				79F7FD5B192859BD002A3DEA /* stations@2x.png */,
			);
			name = tabBarIcons;
			sourceTree = "<group>";
		};
		79F7FD7219285FA1002A3DEA /* Stations */ = {
			isa = PBXGroup;
			children = (
				79F7FD6F19285F8F002A3DEA /* StationsTableViewController.h */,
				79F7FD7019285F8F002A3DEA /* StationsTableViewController.m */,
				796004D0192A7B5200EAE4B2 /* StationCell.h */,
				796004D1192A7B5200EAE4B2 /* StationCell.m */,
			);
			name = Stations;
			sourceTree = "<group>";
		};
/* End PBXGroup section */

/* Begin PBXNativeTarget section */
		79F7FD1319284A0F002A3DEA /* RadioIndia */ = {
			isa = PBXNativeTarget;
			buildConfigurationList = 79F7FD4619284A0F002A3DEA /* Build configuration list for PBXNativeTarget "RadioIndia" */;
			buildPhases = (
				79F7FD1019284A0F002A3DEA /* Sources */,
				79F7FD1119284A0F002A3DEA /* Frameworks */,
				79F7FD1219284A0F002A3DEA /* Resources */,
			);
			buildRules = (
			);
			dependencies = (
			);
			name = RadioIndia;
			productName = RadioIndia;
			productReference = 79F7FD1419284A0F002A3DEA /* RadioIndia.app */;
			productType = "com.apple.product-type.application";
		};
		79F7FD3419284A0F002A3DEA /* RadioIndiaTests */ = {
			isa = PBXNativeTarget;
			buildConfigurationList = 79F7FD4919284A0F002A3DEA /* Build configuration list for PBXNativeTarget "RadioIndiaTests" */;
			buildPhases = (
				79F7FD3119284A0F002A3DEA /* Sources */,
				79F7FD3219284A0F002A3DEA /* Frameworks */,
				79F7FD3319284A0F002A3DEA /* Resources */,
			);
			buildRules = (
			);
			dependencies = (
				79F7FD3B19284A0F002A3DEA /* PBXTargetDependency */,
			);
			name = RadioIndiaTests;
			productName = RadioIndiaTests;
			productReference = 79F7FD3519284A0F002A3DEA /* RadioIndiaTests.xctest */;
			productType = "com.apple.product-type.bundle.unit-test";
		};
/* End PBXNativeTarget section */

/* Begin PBXProject section */
		79F7FD0C19284A0F002A3DEA /* Project object */ = {
			isa = PBXProject;
			attributes = {
				LastUpgradeCheck = 0510;
				ORGANIZATIONNAME = "Systems USA";
				TargetAttributes = {
					79F7FD3419284A0F002A3DEA = {
						TestTargetID = 79F7FD1319284A0F002A3DEA;
					};
				};
			};
			buildConfigurationList = 79F7FD0F19284A0F002A3DEA /* Build configuration list for PBXProject "RadioIndia" */;
			compatibilityVersion = "Xcode 3.2";
			developmentRegion = English;
			hasScannedForEncodings = 0;
			knownRegions = (
				en,
				Base,
			);
			mainGroup = 79F7FD0B19284A0F002A3DEA;
			productRefGroup = 79F7FD1519284A0F002A3DEA /* Products */;
			projectDirPath = "";
			projectRoot = "";
			targets = (
				79F7FD1319284A0F002A3DEA /* RadioIndia */,
				79F7FD3419284A0F002A3DEA /* RadioIndiaTests */,
			);
		};
/* End PBXProject section */

/* Begin PBXResourcesBuildPhase section */
		79F7FD1219284A0F002A3DEA /* Resources */ = {
			isa = PBXResourcesBuildPhase;
			buildActionMask = 2147483647;
			files = (
				79F7FD6A19285C7A002A3DEA /* cities@2x.png in Resources */,
				79F7FD5C192859BD002A3DEA /* stations.png in Resources */,
				796004DD192AAA6100EAE4B2 /* playButton.png in Resources */,
				79F7FD3019284A0F002A3DEA /* Images.xcassets in Resources */,
				796004DB192AA83C00EAE4B2 /* radioIndia3.jpg in Resources */,
				79C3A6D9192D0FC800C16FE7 /* facebookIcon.png in Resources */,
				79F7FD6919285C7A002A3DEA /* cities.png in Resources */,
				796004D4192AA2A100EAE4B2 /* favoriteIcon.png in Resources */,
				79F7FD5D192859BD002A3DEA /* stations@2x.png in Resources */,
				796004D8192AA6AB00EAE4B2 /* radioIndia1.jpg in Resources */,
				79C3A6C3192CFE1500C16FE7 /* favorites.png in Resources */,
				79F7FD2219284A0F002A3DEA /* InfoPlist.strings in Resources */,
				79F7FD6E19285CA0002A3DEA /* settings.png in Resources */,
				796004DF192AD40600EAE4B2 /* pauseButton.png in Resources */,
				79F7FD6619285B3D002A3DEA /* genre@2x.png in Resources */,
				79F7FD6D19285CA0002A3DEA /* settings@2x.png in Resources */,
				79F7FD6519285B3D002A3DEA /* genre.png in Resources */,
				79C3A6DA192D0FC800C16FE7 /* twitterIcon.png in Resources */,
				79C3A6C4192CFE1500C16FE7 /* favorites@2x.png in Resources */,
				79F7FD2B19284A0F002A3DEA /* Main.storyboard in Resources */,
			);
			runOnlyForDeploymentPostprocessing = 0;
		};
		79F7FD3319284A0F002A3DEA /* Resources */ = {
			isa = PBXResourcesBuildPhase;
			buildActionMask = 2147483647;
			files = (
				79F7FD4119284A0F002A3DEA /* InfoPlist.strings in Resources */,
			);
			runOnlyForDeploymentPostprocessing = 0;
		};
/* End PBXResourcesBuildPhase section */

/* Begin PBXSourcesBuildPhase section */
		79F7FD1019284A0F002A3DEA /* Sources */ = {
			isa = PBXSourcesBuildPhase;
			buildActionMask = 2147483647;
			files = (
				79F7FD2819284A0F002A3DEA /* AppDelegate.m in Sources */,
				79C3A6BB192B1F7400C16FE7 /* Station.m in Sources */,
				7926A661192E4266005B5C98 /* StationList.m in Sources */,
				79F7FD7119285F8F002A3DEA /* StationsTableViewController.m in Sources */,
				79422FFC19310821006684FC /* CityStationsTableViewController.m in Sources */,
				796004D2192A7B5200EAE4B2 /* StationCell.m in Sources */,
				79422FEE192F54E5006684FC /* CitiesTableViewController.m in Sources */,
				79422FF2192F5755006684FC /* CityCell.m in Sources */,
				7926A664192F1E0B005B5C98 /* GenreTableViewController.m in Sources */,
				79F7FD2419284A0F002A3DEA /* main.m in Sources */,
				79C3A6C0192C277400C16FE7 /* PlayerViewController.m in Sources */,
			);
			runOnlyForDeploymentPostprocessing = 0;
		};
		79F7FD3119284A0F002A3DEA /* Sources */ = {
			isa = PBXSourcesBuildPhase;
			buildActionMask = 2147483647;
			files = (
				79F7FD4319284A0F002A3DEA /* RadioIndiaTests.m in Sources */,
			);
			runOnlyForDeploymentPostprocessing = 0;
		};
/* End PBXSourcesBuildPhase section */

/* Begin PBXTargetDependency section */
		79F7FD3B19284A0F002A3DEA /* PBXTargetDependency */ = {
			isa = PBXTargetDependency;
			target = 79F7FD1319284A0F002A3DEA /* RadioIndia */;
			targetProxy = 79F7FD3A19284A0F002A3DEA /* PBXContainerItemProxy */;
		};
/* End PBXTargetDependency section */

/* Begin PBXVariantGroup section */
		79F7FD2019284A0F002A3DEA /* InfoPlist.strings */ = {
			isa = PBXVariantGroup;
			children = (
				79F7FD2119284A0F002A3DEA /* en */,
			);
			name = InfoPlist.strings;
			sourceTree = "<group>";
		};
		79F7FD2919284A0F002A3DEA /* Main.storyboard */ = {
			isa = PBXVariantGroup;
			children = (
				79F7FD2A19284A0F002A3DEA /* Base */,
			);
			name = Main.storyboard;
			sourceTree = "<group>";
		};
		79F7FD3F19284A0F002A3DEA /* InfoPlist.strings */ = {
			isa = PBXVariantGroup;
			children = (
				79F7FD4019284A0F002A3DEA /* en */,
			);
			name = InfoPlist.strings;
			sourceTree = "<group>";
		};
/* End PBXVariantGroup section */

/* Begin XCBuildConfiguration section */
		79F7FD4419284A0F002A3DEA /* Debug */ = {
			isa = XCBuildConfiguration;
			buildSettings = {
				ALWAYS_SEARCH_USER_PATHS = NO;
				CLANG_CXX_LANGUAGE_STANDARD = "gnu++0x";
				CLANG_CXX_LIBRARY = "libc++";
				CLANG_ENABLE_MODULES = YES;
				CLANG_ENABLE_OBJC_ARC = YES;
				CLANG_WARN_BOOL_CONVERSION = YES;
				CLANG_WARN_CONSTANT_CONVERSION = YES;
				CLANG_WARN_DIRECT_OBJC_ISA_USAGE = YES_ERROR;
				CLANG_WARN_EMPTY_BODY = YES;
				CLANG_WARN_ENUM_CONVERSION = YES;
				CLANG_WARN_INT_CONVERSION = YES;
				CLANG_WARN_OBJC_ROOT_CLASS = YES_ERROR;
				CLANG_WARN__DUPLICATE_METHOD_MATCH = YES;
				"CODE_SIGN_IDENTITY[sdk=iphoneos*]" = "iPhone Developer";
				COPY_PHASE_STRIP = NO;
				GCC_C_LANGUAGE_STANDARD = gnu99;
				GCC_DYNAMIC_NO_PIC = NO;
				GCC_OPTIMIZATION_LEVEL = 0;
				GCC_PREPROCESSOR_DEFINITIONS = (
					"DEBUG=1",
					"$(inherited)",
				);
				GCC_SYMBOLS_PRIVATE_EXTERN = NO;
				GCC_WARN_64_TO_32_BIT_CONVERSION = YES;
				GCC_WARN_ABOUT_RETURN_TYPE = YES_ERROR;
				GCC_WARN_UNDECLARED_SELECTOR = YES;
				GCC_WARN_UNINITIALIZED_AUTOS = YES_AGGRESSIVE;
				GCC_WARN_UNUSED_FUNCTION = YES;
				GCC_WARN_UNUSED_VARIABLE = YES;
				IPHONEOS_DEPLOYMENT_TARGET = 7.0;
				ONLY_ACTIVE_ARCH = YES;
				SDKROOT = iphoneos;
			};
			name = Debug;
		};
		79F7FD4519284A0F002A3DEA /* Release */ = {
			isa = XCBuildConfiguration;
			buildSettings = {
				ALWAYS_SEARCH_USER_PATHS = NO;
				CLANG_CXX_LANGUAGE_STANDARD = "gnu++0x";
				CLANG_CXX_LIBRARY = "libc++";
				CLANG_ENABLE_MODULES = YES;
				CLANG_ENABLE_OBJC_ARC = YES;
				CLANG_WARN_BOOL_CONVERSION = YES;
				CLANG_WARN_CONSTANT_CONVERSION = YES;
				CLANG_WARN_DIRECT_OBJC_ISA_USAGE = YES_ERROR;
				CLANG_WARN_EMPTY_BODY = YES;
				CLANG_WARN_ENUM_CONVERSION = YES;
				CLANG_WARN_INT_CONVERSION = YES;
				CLANG_WARN_OBJC_ROOT_CLASS = YES_ERROR;
				CLANG_WARN__DUPLICATE_METHOD_MATCH = YES;
				"CODE_SIGN_IDENTITY[sdk=iphoneos*]" = "iPhone Developer";
				COPY_PHASE_STRIP = YES;
				ENABLE_NS_ASSERTIONS = NO;
				GCC_C_LANGUAGE_STANDARD = gnu99;
				GCC_WARN_64_TO_32_BIT_CONVERSION = YES;
				GCC_WARN_ABOUT_RETURN_TYPE = YES_ERROR;
				GCC_WARN_UNDECLARED_SELECTOR = YES;
				GCC_WARN_UNINITIALIZED_AUTOS = YES_AGGRESSIVE;
				GCC_WARN_UNUSED_FUNCTION = YES;
				GCC_WARN_UNUSED_VARIABLE = YES;
				IPHONEOS_DEPLOYMENT_TARGET = 7.0;
				SDKROOT = iphoneos;
				VALIDATE_PRODUCT = YES;
			};
			name = Release;
		};
		79F7FD4719284A0F002A3DEA /* Debug */ = {
			isa = XCBuildConfiguration;
			buildSettings = {
				ASSETCATALOG_COMPILER_APPICON_NAME = AppIcon;
				ASSETCATALOG_COMPILER_LAUNCHIMAGE_NAME = LaunchImage;
				FRAMEWORK_SEARCH_PATHS = (
					"$(inherited)",
					"$(PROJECT_DIR)",
				);
				GCC_PRECOMPILE_PREFIX_HEADER = YES;
				GCC_PREFIX_HEADER = "RadioIndia/RadioIndia-Prefix.pch";
				INFOPLIST_FILE = "RadioIndia/RadioIndia-Info.plist";
				IPHONEOS_DEPLOYMENT_TARGET = 7.0;
				PRODUCT_NAME = "$(TARGET_NAME)";
				WRAPPER_EXTENSION = app;
			};
			name = Debug;
		};
		79F7FD4819284A0F002A3DEA /* Release */ = {
			isa = XCBuildConfiguration;
			buildSettings = {
				ASSETCATALOG_COMPILER_APPICON_NAME = AppIcon;
				ASSETCATALOG_COMPILER_LAUNCHIMAGE_NAME = LaunchImage;
				FRAMEWORK_SEARCH_PATHS = (
					"$(inherited)",
					"$(PROJECT_DIR)",
				);
				GCC_PRECOMPILE_PREFIX_HEADER = YES;
				GCC_PREFIX_HEADER = "RadioIndia/RadioIndia-Prefix.pch";
				INFOPLIST_FILE = "RadioIndia/RadioIndia-Info.plist";
				IPHONEOS_DEPLOYMENT_TARGET = 7.0;
				PRODUCT_NAME = "$(TARGET_NAME)";
				WRAPPER_EXTENSION = app;
			};
			name = Release;
		};
		79F7FD4A19284A0F002A3DEA /* Debug */ = {
			isa = XCBuildConfiguration;
			buildSettings = {
				BUNDLE_LOADER = "$(BUILT_PRODUCTS_DIR)/RadioIndia.app/RadioIndia";
				FRAMEWORK_SEARCH_PATHS = (
					"$(SDKROOT)/Developer/Library/Frameworks",
					"$(inherited)",
					"$(DEVELOPER_FRAMEWORKS_DIR)",
				);
				GCC_PRECOMPILE_PREFIX_HEADER = YES;
				GCC_PREFIX_HEADER = "RadioIndia/RadioIndia-Prefix.pch";
				GCC_PREPROCESSOR_DEFINITIONS = (
					"DEBUG=1",
					"$(inherited)",
				);
				INFOPLIST_FILE = "RadioIndiaTests/RadioIndiaTests-Info.plist";
				PRODUCT_NAME = "$(TARGET_NAME)";
				TEST_HOST = "$(BUNDLE_LOADER)";
				WRAPPER_EXTENSION = xctest;
			};
			name = Debug;
		};
		79F7FD4B19284A0F002A3DEA /* Release */ = {
			isa = XCBuildConfiguration;
			buildSettings = {
				BUNDLE_LOADER = "$(BUILT_PRODUCTS_DIR)/RadioIndia.app/RadioIndia";
				FRAMEWORK_SEARCH_PATHS = (
					"$(SDKROOT)/Developer/Library/Frameworks",
					"$(inherited)",
					"$(DEVELOPER_FRAMEWORKS_DIR)",
				);
				GCC_PRECOMPILE_PREFIX_HEADER = YES;
				GCC_PREFIX_HEADER = "RadioIndia/RadioIndia-Prefix.pch";
				INFOPLIST_FILE = "RadioIndiaTests/RadioIndiaTests-Info.plist";
				PRODUCT_NAME = "$(TARGET_NAME)";
				TEST_HOST = "$(BUNDLE_LOADER)";
				WRAPPER_EXTENSION = xctest;
			};
			name = Release;
		};
/* End XCBuildConfiguration section */

/* Begin XCConfigurationList section */
		79F7FD0F19284A0F002A3DEA /* Build configuration list for PBXProject "RadioIndia" */ = {
			isa = XCConfigurationList;
			buildConfigurations = (
				79F7FD4419284A0F002A3DEA /* Debug */,
				79F7FD4519284A0F002A3DEA /* Release */,
			);
			defaultConfigurationIsVisible = 0;
			defaultConfigurationName = Release;
		};
		79F7FD4619284A0F002A3DEA /* Build configuration list for PBXNativeTarget "RadioIndia" */ = {
			isa = XCConfigurationList;
			buildConfigurations = (
				79F7FD4719284A0F002A3DEA /* Debug */,
				79F7FD4819284A0F002A3DEA /* Release */,
			);
			defaultConfigurationIsVisible = 0;
			defaultConfigurationName = Release;
		};
		79F7FD4919284A0F002A3DEA /* Build configuration list for PBXNativeTarget "RadioIndiaTests" */ = {
			isa = XCConfigurationList;
			buildConfigurations = (
				79F7FD4A19284A0F002A3DEA /* Debug */,
				79F7FD4B19284A0F002A3DEA /* Release */,
			);
			defaultConfigurationIsVisible = 0;
			defaultConfigurationName = Release;
		};
/* End XCConfigurationList section */
	};
	rootObject = 79F7FD0C19284A0F002A3DEA /* Project object */;
}
